
Microsoft Visual Studio Solution File, Format Version 12.00
# Visual Studio Version 17
VisualStudioVersion = 17.1.32407.343
MinimumVisualStudioVersion = 10.0.40219.1
Project("{FAE04EC0-301F-11D3-BF4B-00C04F79EFBC}") = "WebApi1", "WebApi1\WebApi1.csproj", "{8F0DF3CD-47AE-49C3-AA53-1BB32681B857}"
EndProject
Global
	GlobalSection(SolutionConfigurationPlatforms) = preSolution
		Debug|Any CPU = Debug|Any CPU
		Release|Any CPU = Release|Any CPU
	EndGlobalSection
	GlobalSection(ProjectConfigurationPlatforms) = postSolution
		{8F0DF3CD-47AE-49C3-AA53-1BB32681B857}.Debug|Any CPU.ActiveCfg = Debug|Any CPU
		{8F0DF3CD-47AE-49C3-AA53-1BB32681B857}.Debug|Any CPU.Build.0 = Debug|Any CPU
		{8F0DF3CD-47AE-49C3-AA53-1BB32681B857}.Release|Any CPU.ActiveCfg = Release|Any CPU
		{8F0DF3CD-47AE-49C3-AA53-1BB32681B857}.Release|Any CPU.Build.0 = Release|Any CPU
	EndGlobalSection
	GlobalSection(SolutionProperties) = preSolution
		HideSolutionNode = FALSE
	EndGlobalSection
	GlobalSection(ExtensibilityGlobals) = postSolution
		SolutionGuid = {6AE5EAA9-66FD-494B-BE0D-5447852C033C}
	EndGlobalSection
EndGlobal
